# project.lock — GENERATED by `chrysalis` (#67). The resolved dependency graph: one
# version per package name (the colimit's chosen section), pinned for reproducible
# builds. Do NOT edit by hand — regenerated on resolve.
def lock = {packages: {audio: {version: '0.0.0', source: '../../crates/prism-audio', dependencies: []}}}
